
Microsoft Visual Studio Solution File, Format Version 12.00
# Visual Studio Version 17
VisualStudioVersion = 17.2.32519.379
MinimumVisualStudioVersion = 10.0.40219.1
Project("{FAE04EC0-301F-11D3-BF4B-00C04F79EFBC}") = "SocialNetwork", "SocialNetwork\SocialNetwork.csproj", "{0287B01E-AAA2-448E-B82F-D6D2AB731981}"
EndProject
Global
	GlobalSection(SolutionConfigurationPlatforms) = preSolution
		Debug|Any CPU = Debug|Any CPU
		Release|Any CPU = Release|Any CPU
	EndGlobalSection
	GlobalSection(ProjectConfigurationPlatforms) = postSolution
		{0287B01E-AAA2-448E-B82F-D6D2AB731981}.Debug|Any CPU.ActiveCfg = Debug|Any CPU
		{0287B01E-AAA2-448E-B82F-D6D2AB731981}.Debug|Any CPU.Build.0 = Debug|Any CPU
		{0287B01E-AAA2-448E-B82F-D6D2AB731981}.Release|Any CPU.ActiveCfg = Release|Any CPU
		{0287B01E-AAA2-448E-B82F-D6D2AB731981}.Release|Any CPU.Build.0 = Release|Any CPU
	EndGlobalSection
	GlobalSection(SolutionProperties) = preSolution
		HideSolutionNode = FALSE
	EndGlobalSection
	GlobalSection(ExtensibilityGlobals) = postSolution
		SolutionGuid = {0BD5BF60-9204-4E08-A943-11E14CAC88B5}
	EndGlobalSection
EndGlobal
